
Microsoft Visual Studio Solution File, Format Version 12.00
# Visual Studio 15
VisualStudioVersion = 15.0.28307.421
MinimumVisualStudioVersion = 10.0.40219.1
Project("{FAE04EC0-301F-11D3-BF4B-00C04F79EFBC}") = "AmazonS3Extensions", "AmazonS3Extensions\AmazonS3Extensions.csproj", "{BE195DB5-3E6D-4AD0-ACCF-5788AA3DDDB9}"
EndProject
Global
	GlobalSection(SolutionConfigurationPlatforms) = preSolution
		Debug|Any CPU = Debug|Any CPU
		Release|Any CPU = Release|Any CPU
	EndGlobalSection
	GlobalSection(ProjectConfigurationPlatforms) = postSolution
		{BE195DB5-3E6D-4AD0-ACCF-5788AA3DDDB9}.Debug|Any CPU.ActiveCfg = Debug|Any CPU
		{BE195DB5-3E6D-4AD0-ACCF-5788AA3DDDB9}.Debug|Any CPU.Build.0 = Debug|Any CPU
		{BE195DB5-3E6D-4AD0-ACCF-5788AA3DDDB9}.Release|Any CPU.ActiveCfg = Release|Any CPU
		{BE195DB5-3E6D-4AD0-ACCF-5788AA3DDDB9}.Release|Any CPU.Build.0 = Release|Any CPU
	EndGlobalSection
	GlobalSection(SolutionProperties) = preSolution
		HideSolutionNode = FALSE
	EndGlobalSection
	GlobalSection(ExtensibilityGlobals) = postSolution
		SolutionGuid = {AC7DE83A-D6F2-45BD-B1D7-C1D6418F0262}
	EndGlobalSection
EndGlobal
